
Microsoft Visual Studio Solution File, Format Version 12.00
# Visual Studio Version 17
VisualStudioVersion = 17.0.31903.59
MinimumVisualStudioVersion = 10.0.40219.1
Project("{FAE04EC0-301F-11D3-BF4B-00C04F79EFBC}") = "Enterprise.Tests", "EnterpriseApiIntegration.Tests\Enterprise.Tests.csproj", "{2310851F-E1E6-4588-A1B8-D248835333BB}"
EndProject
Project("{FAE04EC0-301F-11D3-BF4B-00C04F79EFBC}") = "Enterprise.Domain", "EnterpriseApiIntegration.Domain\Enterprise.Domain.csproj", "{7D7EE40B-3070-46AC-B756-B03BA9B04ECE}"
EndProject
Project("{FAE04EC0-301F-11D3-BF4B-00C04F79EFBC}") = "Enterprise.Infrastructure", "EnterpriseApiIntegration.Infrastructure\Enterprise.Infrastructure.csproj", "{F59B8C37-781C-4251-83A7-188ABAEE5AB0}"
EndProject
Project("{FAE04EC0-301F-11D3-BF4B-00C04F79EFBC}") = "Enterprise.Application", "EnterpriseApiIntegration.Application\Enterprise.Application.csproj", "{07A291F6-078E-4329-9D89-F6FFD37E2963}"
EndProject
Project("{FAE04EC0-301F-11D3-BF4B-00C04F79EFBC}") = "API.Identity", "AzureMicroservicesPlatform.Identity\API.Identity.csproj", "{41C4276E-9574-CC24-7BEF-98D6E0444E00}"
EndProject
Project("{FAE04EC0-301F-11D3-BF4B-00C04F79EFBC}") = "API.Gateway", "AzureMicroservicesPlatform.Gateway\API.Gateway.csproj", "{8337BED9-459D-7483-BA8C-717D45EAE112}"
EndProject
Project("{FAE04EC0-301F-11D3-BF4B-00C04F79EFBC}") = "API.Aircraft", "AzureMicroservicesPlatform.Services.Aircraft\API.Aircraft.csproj", "{35AD65B7-EF74-03D6-3128-8B501CA72F9E}"
EndProject
Project("{FAE04EC0-301F-11D3-BF4B-00C04F79EFBC}") = "Azure.BackgroundTasks", "AzureMicroservicesPlatform.BackgroundTasks\Azure.BackgroundTasks.csproj", "{AA3CE373-4B02-4221-94EE-C8835428A95B}"
EndProject
Project("{2150E333-8FDC-42A3-9474-1A3956D46DE8}") = "Solution Items", "Solution Items", "{8EC462FD-D22E-90A8-E5CE-7E832BA40C5D}"
	ProjectSection(SolutionItems) = preProject
		.env = .env
		azure-config.json = azure-config.json
		README.md = README.md
		setup-entra-id.ps1 = setup-entra-id.ps1
	EndProjectSection
EndProject
Global
	GlobalSection(SolutionConfigurationPlatforms) = preSolution
		Debug|Any CPU = Debug|Any CPU
		Debug|x64 = Debug|x64
		Debug|x86 = Debug|x86
		Release|Any CPU = Release|Any CPU
		Release|x64 = Release|x64
		Release|x86 = Release|x86
	EndGlobalSection
	GlobalSection(ProjectConfigurationPlatforms) = postSolution
		{2310851F-E1E6-4588-A1B8-D248835333BB}.Debug|Any CPU.ActiveCfg = Debug|Any CPU
		{2310851F-E1E6-4588-A1B8-D248835333BB}.Debug|Any CPU.Build.0 = Debug|Any CPU
		{2310851F-E1E6-4588-A1B8-D248835333BB}.Debug|x64.ActiveCfg = Debug|Any CPU
		{2310851F-E1E6-4588-A1B8-D248835333BB}.Debug|x64.Build.0 = Debug|Any CPU
		{2310851F-E1E6-4588-A1B8-D248835333BB}.Debug|x86.ActiveCfg = Debug|Any CPU
		{2310851F-E1E6-4588-A1B8-D248835333BB}.Debug|x86.Build.0 = Debug|Any CPU
		{2310851F-E1E6-4588-A1B8-D248835333BB}.Release|Any CPU.ActiveCfg = Release|Any CPU
		{2310851F-E1E6-4588-A1B8-D248835333BB}.Release|Any CPU.Build.0 = Release|Any CPU
		{2310851F-E1E6-4588-A1B8-D248835333BB}.Release|x64.ActiveCfg = Release|Any CPU
		{2310851F-E1E6-4588-A1B8-D248835333BB}.Release|x64.Build.0 = Release|Any CPU
		{2310851F-E1E6-4588-A1B8-D248835333BB}.Release|x86.ActiveCfg = Release|Any CPU
		{2310851F-E1E6-4588-A1B8-D248835333BB}.Release|x86.Build.0 = Release|Any CPU
		{7D7EE40B-3070-46AC-B756-B03BA9B04ECE}.Debug|Any CPU.ActiveCfg = Debug|Any CPU
		{7D7EE40B-3070-46AC-B756-B03BA9B04ECE}.Debug|Any CPU.Build.0 = Debug|Any CPU
		{7D7EE40B-3070-46AC-B756-B03BA9B04ECE}.Debug|x64.ActiveCfg = Debug|Any CPU
		{7D7EE40B-3070-46AC-B756-B03BA9B04ECE}.Debug|x64.Build.0 = Debug|Any CPU
		{7D7EE40B-3070-46AC-B756-B03BA9B04ECE}.Debug|x86.ActiveCfg = Debug|Any CPU
		{7D7EE40B-3070-46AC-B756-B03BA9B04ECE}.Debug|x86.Build.0 = Debug|Any CPU
		{7D7EE40B-3070-46AC-B756-B03BA9B04ECE}.Release|Any CPU.ActiveCfg = Release|Any CPU
		{7D7EE40B-3070-46AC-B756-B03BA9B04ECE}.Release|Any CPU.Build.0 = Release|Any CPU
		{7D7EE40B-3070-46AC-B756-B03BA9B04ECE}.Release|x64.ActiveCfg = Release|Any CPU
		{7D7EE40B-3070-46AC-B756-B03BA9B04ECE}.Release|x64.Build.0 = Release|Any CPU
		{7D7EE40B-3070-46AC-B756-B03BA9B04ECE}.Release|x86.ActiveCfg = Release|Any CPU
		{7D7EE40B-3070-46AC-B756-B03BA9B04ECE}.Release|x86.Build.0 = Release|Any CPU
		{F59B8C37-781C-4251-83A7-188ABAEE5AB0}.Debug|Any CPU.ActiveCfg = Debug|Any CPU
		{F59B8C37-781C-4251-83A7-188ABAEE5AB0}.Debug|Any CPU.Build.0 = Debug|Any CPU
		{F59B8C37-781C-4251-83A7-188ABAEE5AB0}.Debug|x64.ActiveCfg = Debug|Any CPU
		{F59B8C37-781C-4251-83A7-188ABAEE5AB0}.Debug|x64.Build.0 = Debug|Any CPU
		{F59B8C37-781C-4251-83A7-188ABAEE5AB0}.Debug|x86.ActiveCfg = Debug|Any CPU
		{F59B8C37-781C-4251-83A7-188ABAEE5AB0}.Debug|x86.Build.0 = Debug|Any CPU
		{F59B8C37-781C-4251-83A7-188ABAEE5AB0}.Release|Any CPU.ActiveCfg = Release|Any CPU
		{F59B8C37-781C-4251-83A7-188ABAEE5AB0}.Release|Any CPU.Build.0 = Release|Any CPU
		{F59B8C37-781C-4251-83A7-188ABAEE5AB0}.Release|x64.ActiveCfg = Release|Any CPU
		{F59B8C37-781C-4251-83A7-188ABAEE5AB0}.Release|x64.Build.0 = Release|Any CPU
		{F59B8C37-781C-4251-83A7-188ABAEE5AB0}.Release|x86.ActiveCfg = Release|Any CPU
		{F59B8C37-781C-4251-83A7-188ABAEE5AB0}.Release|x86.Build.0 = Release|Any CPU
		{07A291F6-078E-4329-9D89-F6FFD37E2963}.Debug|Any CPU.ActiveCfg = Debug|Any CPU
		{07A291F6-078E-4329-9D89-F6FFD37E2963}.Debug|Any CPU.Build.0 = Debug|Any CPU
		{07A291F6-078E-4329-9D89-F6FFD37E2963}.Debug|x64.ActiveCfg = Debug|Any CPU
		{07A291F6-078E-4329-9D89-F6FFD37E2963}.Debug|x64.Build.0 = Debug|Any CPU
		{07A291F6-078E-4329-9D89-F6FFD37E2963}.Debug|x86.ActiveCfg = Debug|Any CPU
		{07A291F6-078E-4329-9D89-F6FFD37E2963}.Debug|x86.Build.0 = Debug|Any CPU
		{07A291F6-078E-4329-9D89-F6FFD37E2963}.Release|Any CPU.ActiveCfg = Release|Any CPU
		{07A291F6-078E-4329-9D89-F6FFD37E2963}.Release|Any CPU.Build.0 = Release|Any CPU
		{07A291F6-078E-4329-9D89-F6FFD37E2963}.Release|x64.ActiveCfg = Release|Any CPU
		{07A291F6-078E-4329-9D89-F6FFD37E2963}.Release|x64.Build.0 = Release|Any CPU
		{07A291F6-078E-4329-9D89-F6FFD37E2963}.Release|x86.ActiveCfg = Release|Any CPU
		{07A291F6-078E-4329-9D89-F6FFD37E2963}.Release|x86.Build.0 = Release|Any CPU
		{41C4276E-9574-CC24-7BEF-98D6E0444E00}.Debug|Any CPU.ActiveCfg = Debug|Any CPU
		{41C4276E-9574-CC24-7BEF-98D6E0444E00}.Debug|Any CPU.Build.0 = Debug|Any CPU
		{41C4276E-9574-CC24-7BEF-98D6E0444E00}.Debug|x64.ActiveCfg = Debug|Any CPU
		{41C4276E-9574-CC24-7BEF-98D6E0444E00}.Debug|x64.Build.0 = Debug|Any CPU
		{41C4276E-9574-CC24-7BEF-98D6E0444E00}.Debug|x86.ActiveCfg = Debug|Any CPU
		{41C4276E-9574-CC24-7BEF-98D6E0444E00}.Debug|x86.Build.0 = Debug|Any CPU
		{41C4276E-9574-CC24-7BEF-98D6E0444E00}.Release|Any CPU.ActiveCfg = Release|Any CPU
		{41C4276E-9574-CC24-7BEF-98D6E0444E00}.Release|Any CPU.Build.0 = Release|Any CPU
		{41C4276E-9574-CC24-7BEF-98D6E0444E00}.Release|x64.ActiveCfg = Release|Any CPU
		{41C4276E-9574-CC24-7BEF-98D6E0444E00}.Release|x64.Build.0 = Release|Any CPU
		{41C4276E-9574-CC24-7BEF-98D6E0444E00}.Release|x86.ActiveCfg = Release|Any CPU
		{41C4276E-9574-CC24-7BEF-98D6E0444E00}.Release|x86.Build.0 = Release|Any CPU
		{8337BED9-459D-7483-BA8C-717D45EAE112}.Debug|Any CPU.ActiveCfg = Debug|Any CPU
		{8337BED9-459D-7483-BA8C-717D45EAE112}.Debug|Any CPU.Build.0 = Debug|Any CPU
		{8337BED9-459D-7483-BA8C-717D45EAE112}.Debug|x64.ActiveCfg = Debug|Any CPU
		{8337BED9-459D-7483-BA8C-717D45EAE112}.Debug|x64.Build.0 = Debug|Any CPU
		{8337BED9-459D-7483-BA8C-717D45EAE112}.Debug|x86.ActiveCfg = Debug|Any CPU
		{8337BED9-459D-7483-BA8C-717D45EAE112}.Debug|x86.Build.0 = Debug|Any CPU
		{8337BED9-459D-7483-BA8C-717D45EAE112}.Release|Any CPU.ActiveCfg = Release|Any CPU
		{8337BED9-459D-7483-BA8C-717D45EAE112}.Release|Any CPU.Build.0 = Release|Any CPU
		{8337BED9-459D-7483-BA8C-717D45EAE112}.Release|x64.ActiveCfg = Release|Any CPU
		{8337BED9-459D-7483-BA8C-717D45EAE112}.Release|x64.Build.0 = Release|Any CPU
		{8337BED9-459D-7483-BA8C-717D45EAE112}.Release|x86.ActiveCfg = Release|Any CPU
		{8337BED9-459D-7483-BA8C-717D45EAE112}.Release|x86.Build.0 = Release|Any CPU
		{35AD65B7-EF74-03D6-3128-8B501CA72F9E}.Debug|Any CPU.ActiveCfg = Debug|Any CPU
		{35AD65B7-EF74-03D6-3128-8B501CA72F9E}.Debug|Any CPU.Build.0 = Debug|Any CPU
		{35AD65B7-EF74-03D6-3128-8B501CA72F9E}.Debug|x64.ActiveCfg = Debug|Any CPU
		{35AD65B7-EF74-03D6-3128-8B501CA72F9E}.Debug|x64.Build.0 = Debug|Any CPU
		{35AD65B7-EF74-03D6-3128-8B501CA72F9E}.Debug|x86.ActiveCfg = Debug|Any CPU
		{35AD65B7-EF74-03D6-3128-8B501CA72F9E}.Debug|x86.Build.0 = Debug|Any CPU
		{35AD65B7-EF74-03D6-3128-8B501CA72F9E}.Release|Any CPU.ActiveCfg = Release|Any CPU
		{35AD65B7-EF74-03D6-3128-8B501CA72F9E}.Release|Any CPU.Build.0 = Release|Any CPU
		{35AD65B7-EF74-03D6-3128-8B501CA72F9E}.Release|x64.ActiveCfg = Release|Any CPU
		{35AD65B7-EF74-03D6-3128-8B501CA72F9E}.Release|x64.Build.0 = Release|Any CPU
		{35AD65B7-EF74-03D6-3128-8B501CA72F9E}.Release|x86.ActiveCfg = Release|Any CPU
		{35AD65B7-EF74-03D6-3128-8B501CA72F9E}.Release|x86.Build.0 = Release|Any CPU
		{AA3CE373-4B02-4221-94EE-C8835428A95B}.Debug|Any CPU.ActiveCfg = Debug|Any CPU
		{AA3CE373-4B02-4221-94EE-C8835428A95B}.Debug|Any CPU.Build.0 = Debug|Any CPU
		{AA3CE373-4B02-4221-94EE-C8835428A95B}.Debug|x64.ActiveCfg = Debug|Any CPU
		{AA3CE373-4B02-4221-94EE-C8835428A95B}.Debug|x64.Build.0 = Debug|Any CPU
		{AA3CE373-4B02-4221-94EE-C8835428A95B}.Debug|x86.ActiveCfg = Debug|Any CPU
		{AA3CE373-4B02-4221-94EE-C8835428A95B}.Debug|x86.Build.0 = Debug|Any CPU
		{AA3CE373-4B02-4221-94EE-C8835428A95B}.Release|Any CPU.ActiveCfg = Release|Any CPU
		{AA3CE373-4B02-4221-94EE-C8835428A95B}.Release|Any CPU.Build.0 = Release|Any CPU
		{AA3CE373-4B02-4221-94EE-C8835428A95B}.Release|x64.ActiveCfg = Release|Any CPU
		{AA3CE373-4B02-4221-94EE-C8835428A95B}.Release|x64.Build.0 = Release|Any CPU
		{AA3CE373-4B02-4221-94EE-C8835428A95B}.Release|x86.ActiveCfg = Release|Any CPU
		{AA3CE373-4B02-4221-94EE-C8835428A95B}.Release|x86.Build.0 = Release|Any CPU
	EndGlobalSection
	GlobalSection(SolutionProperties) = preSolution
		HideSolutionNode = FALSE
	EndGlobalSection
	GlobalSection(ExtensibilityGlobals) = postSolution
		SolutionGuid = {6384B988-C092-477D-ADAB-A70B319F358B}
	EndGlobalSection
EndGlobal
