{
  "version": 4,
  "terraform_version": "1.11.2",
  "serial": 16,
  "lineage": "f75bf5cf-95cf-8a04-f957-447ec62b6c5d",
  "outputs": {},
  "resources": [
    {
      "module": "module.web_apps",
      "mode": "data",
      "type": "azurerm_resource_group",
      "name": "rg",
      "provider": "provider[\"registry.terraform.io/hashicorp/azurerm\"]",
      "instances": [
        {
          "schema_version": 0,
          "attributes": {
            "id": "/subscriptions/08398d64-5d63-4da9-8daf-e15b00f4d227/resourceGroups/aviation-rg",
            "location": "eastus",
            "managed_by": "",
            "name": "aviation-rg",
            "tags": {},
            "timeouts": null
          },
          "sensitive_attributes": []
        }
      ]
    },
    {
      "module": "module.web_apps",
      "mode": "managed",
      "type": "azurerm_service_plan",
      "name": "plan",
      "provider": "provider[\"registry.terraform.io/hashicorp/azurerm\"]",
      "instances": [
        {
          "schema_version": 1,
          "attributes": {
            "app_service_environment_id": "",
            "id": "/subscriptions/08398d64-5d63-4da9-8daf-e15b00f4d227/resourceGroups/aviation-rg/providers/Microsoft.Web/serverFarms/asp-qa",
            "kind": "app",
            "location": "westus",
            "maximum_elastic_worker_count": 1,
            "name": "asp-qa",
            "os_type": "Windows",
            "per_site_scaling_enabled": false,
            "reserved": false,
            "resource_group_name": "aviation-rg",
            "sku_name": "F1",
            "tags": {
              "Environment": "QA",
              "ManagedBy": "Terraform",
              "Project": "Aviation"
            },
            "timeouts": null,
            "worker_count": 0,
            "zone_balancing_enabled": false
          },
          "sensitive_attributes": [],
          "private": "eyJlMmJmYjczMC1lY2FhLTExZTYtOGY4OC0zNDM2M2JjN2M0YzAiOnsiY3JlYXRlIjozNjAwMDAwMDAwMDAwLCJkZWxldGUiOjM2MDAwMDAwMDAwMDAsInJlYWQiOjMwMDAwMDAwMDAwMCwidXBkYXRlIjozNjAwMDAwMDAwMDAwfSwic2NoZW1hX3ZlcnNpb24iOiIxIn0=",
          "dependencies": [
            "module.web_apps.data.azurerm_resource_group.rg"
          ]
        }
      ]
    },
    {
      "module": "module.web_apps",
      "mode": "managed",
      "type": "azurerm_windows_web_app",
      "name": "apps",
      "provider": "provider[\"registry.terraform.io/hashicorp/azurerm\"]",
      "instances": [
        {
          "index_key": "aircraft",
          "schema_version": 1,
          "attributes": {
            "app_settings": {
              "ASPNETCORE_ENVIRONMENT": "QA",
              "KeyVaultName": "vsol-aviation-kv",
              "WEBSITE_RUN_FROM_PACKAGE": "1",
              "WEBSITE_WEBDEPLOY_USE_SCM": "true"
            },
            "auth_settings": [],
            "auth_settings_v2": [],
            "backup": [],
            "client_affinity_enabled": false,
            "client_certificate_enabled": false,
            "client_certificate_exclusion_paths": "",
            "client_certificate_mode": "Required",
            "connection_string": [],
            "custom_domain_verification_id": "8FC410D28FDE486A17B48E6563170506EEFB16142278F89D3AF6A6CDDE5080B3",
            "default_hostname": "aviation-aircraft-qa.azurewebsites.net",
            "enabled": true,
            "ftp_publish_basic_authentication_enabled": true,
            "hosting_environment_id": "",
            "https_only": false,
            "id": "/subscriptions/08398d64-5d63-4da9-8daf-e15b00f4d227/resourceGroups/aviation-rg/providers/Microsoft.Web/sites/aviation-aircraft-qa",
            "identity": [],
            "key_vault_reference_identity_id": "SystemAssigned",
            "kind": "app",
            "location": "westus",
            "logs": [],
            "name": "aviation-aircraft-qa",
            "outbound_ip_address_list": [
              "52.137.189.120",
              "40.112.243.54"
            ],
            "outbound_ip_addresses": "52.137.189.120,40.112.243.54",
            "possible_outbound_ip_address_list": [
              "104.45.231.244",
              "23.99.66.110",
              "137.117.16.198",
              "104.40.59.38",
              "23.100.34.88",
              "104.40.81.14",
              "52.137.189.120",
              "104.40.48.42",
              "104.40.63.71",
              "104.40.92.138",
              "104.40.53.9",
              "23.101.205.4",
              "104.40.89.194",
              "23.100.44.42",
              "104.40.77.1",
              "23.101.202.141",
              "23.99.69.83",
              "104.40.84.253",
              "104.40.82.141",
              "23.100.36.113",
              "23.101.203.68",
              "137.117.13.177",
              "104.40.57.193",
              "104.40.49.42",
              "23.100.42.180",
              "104.40.49.141",
              "104.40.49.176",
              "104.45.232.236",
              "137.117.21.10",
              "104.40.48.210",
              "104.40.48.219",
              "40.112.243.54"
            ],
            "possible_outbound_ip_addresses": "104.45.231.244,23.99.66.110,137.117.16.198,104.40.59.38,23.100.34.88,104.40.81.14,52.137.189.120,104.40.48.42,104.40.63.71,104.40.92.138,104.40.53.9,23.101.205.4,104.40.89.194,23.100.44.42,104.40.77.1,23.101.202.141,23.99.69.83,104.40.84.253,104.40.82.141,23.100.36.113,23.101.203.68,137.117.13.177,104.40.57.193,104.40.49.42,23.100.42.180,104.40.49.141,104.40.49.176,104.45.232.236,137.117.21.10,104.40.48.210,104.40.48.219,40.112.243.54",
            "public_network_access_enabled": true,
            "resource_group_name": "aviation-rg",
            "service_plan_id": "/subscriptions/08398d64-5d63-4da9-8daf-e15b00f4d227/resourceGroups/aviation-rg/providers/Microsoft.Web/serverFarms/asp-qa",
            "site_config": [
              {
                "always_on": false,
                "api_definition_url": "",
                "api_management_api_id": "",
                "app_command_line": "",
                "application_stack": [
                  {
                    "current_stack": "",
                    "docker_container_name": "",
                    "docker_container_registry": "",
                    "docker_container_tag": "",
                    "docker_image_name": "",
                    "docker_registry_password": "",
                    "docker_registry_url": "",
                    "docker_registry_username": "",
                    "dotnet_core_version": "",
                    "dotnet_version": "v8.0",
                    "java_container": "",
                    "java_container_version": "",
                    "java_embedded_server_enabled": false,
                    "java_version": "",
                    "node_version": "~18",
                    "php_version": "5.6",
                    "python": false,
                    "python_version": "",
                    "tomcat_version": ""
                  }
                ],
                "auto_heal_enabled": false,
                "auto_heal_setting": [],
                "container_registry_managed_identity_client_id": "",
                "container_registry_use_managed_identity": false,
                "cors": [],
                "default_documents": [
                  "Default.htm",
                  "Default.html",
                  "Default.asp",
                  "index.htm",
                  "index.html",
                  "iisstart.htm",
                  "default.aspx",
                  "index.php",
                  "hostingstart.html"
                ],
                "detailed_error_logging_enabled": false,
                "ftps_state": "Disabled",
                "handler_mapping": [],
                "health_check_eviction_time_in_min": 0,
                "health_check_path": "",
                "http2_enabled": false,
                "ip_restriction": [],
                "ip_restriction_default_action": "Allow",
                "linux_fx_version": "",
                "load_balancing_mode": "LeastRequests",
                "local_mysql_enabled": false,
                "managed_pipeline_mode": "Integrated",
                "minimum_tls_version": "1.2",
                "remote_debugging_enabled": false,
                "remote_debugging_version": "VS2022",
                "scm_ip_restriction": [],
                "scm_ip_restriction_default_action": "Allow",
                "scm_minimum_tls_version": "1.2",
                "scm_type": "None",
                "scm_use_main_ip_restriction": false,
                "use_32_bit_worker": true,
                "virtual_application": [],
                "vnet_route_all_enabled": false,
                "websockets_enabled": false,
                "windows_fx_version": "",
                "worker_count": 1
              }
            ],
            "site_credential": [
              {
                "name": "$aviation-aircraft-qa",
                "password": "gx3Nd8zhqSKvDDbPwKkrqC0gTcwvhrHlRrZJDLiGhkawPTkmrxD6SKBfmNbw"
              }
            ],
            "sticky_settings": [],
            "storage_account": [],
            "tags": {
              "Environment": "QA",
              "ManagedBy": "Terraform",
              "Project": "Aviation"
            },
            "timeouts": null,
            "virtual_network_subnet_id": "",
            "webdeploy_publish_basic_authentication_enabled": true,
            "zip_deploy_file": ""
          },
          "sensitive_attributes": [
            [
              {
                "type": "get_attr",
                "value": "site_credential"
              }
            ],
            [
              {
                "type": "get_attr",
                "value": "site_config"
              },
              {
                "type": "index",
                "value": {
                  "value": 0,
                  "type": "number"
                }
              },
              {
                "type": "get_attr",
                "value": "application_stack"
              },
              {
                "type": "index",
                "value": {
                  "value": 0,
                  "type": "number"
                }
              },
              {
                "type": "get_attr",
                "value": "docker_registry_password"
              }
            ],
            [
              {
                "type": "get_attr",
                "value": "custom_domain_verification_id"
              }
            ]
          ],
          "private": "eyJlMmJmYjczMC1lY2FhLTExZTYtOGY4OC0zNDM2M2JjN2M0YzAiOnsiY3JlYXRlIjoxODAwMDAwMDAwMDAwLCJkZWxldGUiOjE4MDAwMDAwMDAwMDAsInJlYWQiOjMwMDAwMDAwMDAwMCwidXBkYXRlIjoxODAwMDAwMDAwMDAwfSwic2NoZW1hX3ZlcnNpb24iOiIxIn0=",
          "dependencies": [
            "module.web_apps.azurerm_service_plan.plan",
            "module.web_apps.data.azurerm_resource_group.rg"
          ]
        },
        {
          "index_key": "customers",
          "schema_version": 1,
          "attributes": {
            "app_settings": {
              "ASPNETCORE_ENVIRONMENT": "QA",
              "KeyVaultName": "vsol-aviation-kv",
              "WEBSITE_RUN_FROM_PACKAGE": "1",
              "WEBSITE_WEBDEPLOY_USE_SCM": "true"
            },
            "auth_settings": [],
            "auth_settings_v2": [],
            "backup": [],
            "client_affinity_enabled": false,
            "client_certificate_enabled": false,
            "client_certificate_exclusion_paths": "",
            "client_certificate_mode": "Required",
            "connection_string": [],
            "custom_domain_verification_id": "8FC410D28FDE486A17B48E6563170506EEFB16142278F89D3AF6A6CDDE5080B3",
            "default_hostname": "aviation-customers-qa.azurewebsites.net",
            "enabled": true,
            "ftp_publish_basic_authentication_enabled": true,
            "hosting_environment_id": "",
            "https_only": false,
            "id": "/subscriptions/08398d64-5d63-4da9-8daf-e15b00f4d227/resourceGroups/aviation-rg/providers/Microsoft.Web/sites/aviation-customers-qa",
            "identity": [],
            "key_vault_reference_identity_id": "SystemAssigned",
            "kind": "app",
            "location": "westus",
            "logs": [],
            "name": "aviation-customers-qa",
            "outbound_ip_address_list": [
              "52.137.189.120",
              "40.112.243.54"
            ],
            "outbound_ip_addresses": "52.137.189.120,40.112.243.54",
            "possible_outbound_ip_address_list": [
              "104.45.231.244",
              "23.99.66.110",
              "137.117.16.198",
              "104.40.59.38",
              "23.100.34.88",
              "104.40.81.14",
              "52.137.189.120",
              "104.40.48.42",
              "104.40.63.71",
              "104.40.92.138",
              "104.40.53.9",
              "23.101.205.4",
              "104.40.89.194",
              "23.100.44.42",
              "104.40.77.1",
              "23.101.202.141",
              "23.99.69.83",
              "104.40.84.253",
              "104.40.82.141",
              "23.100.36.113",
              "23.101.203.68",
              "137.117.13.177",
              "104.40.57.193",
              "104.40.49.42",
              "23.100.42.180",
              "104.40.49.141",
              "104.40.49.176",
              "104.45.232.236",
              "137.117.21.10",
              "104.40.48.210",
              "104.40.48.219",
              "40.112.243.54"
            ],
            "possible_outbound_ip_addresses": "104.45.231.244,23.99.66.110,137.117.16.198,104.40.59.38,23.100.34.88,104.40.81.14,52.137.189.120,104.40.48.42,104.40.63.71,104.40.92.138,104.40.53.9,23.101.205.4,104.40.89.194,23.100.44.42,104.40.77.1,23.101.202.141,23.99.69.83,104.40.84.253,104.40.82.141,23.100.36.113,23.101.203.68,137.117.13.177,104.40.57.193,104.40.49.42,23.100.42.180,104.40.49.141,104.40.49.176,104.45.232.236,137.117.21.10,104.40.48.210,104.40.48.219,40.112.243.54",
            "public_network_access_enabled": true,
            "resource_group_name": "aviation-rg",
            "service_plan_id": "/subscriptions/08398d64-5d63-4da9-8daf-e15b00f4d227/resourceGroups/aviation-rg/providers/Microsoft.Web/serverFarms/asp-qa",
            "site_config": [
              {
                "always_on": false,
                "api_definition_url": "",
                "api_management_api_id": "",
                "app_command_line": "",
                "application_stack": [
                  {
                    "current_stack": "",
                    "docker_container_name": "",
                    "docker_container_registry": "",
                    "docker_container_tag": "",
                    "docker_image_name": "",
                    "docker_registry_password": "",
                    "docker_registry_url": "",
                    "docker_registry_username": "",
                    "dotnet_core_version": "",
                    "dotnet_version": "v8.0",
                    "java_container": "",
                    "java_container_version": "",
                    "java_embedded_server_enabled": false,
                    "java_version": "",
                    "node_version": "~18",
                    "php_version": "5.6",
                    "python": false,
                    "python_version": "",
                    "tomcat_version": ""
                  }
                ],
                "auto_heal_enabled": false,
                "auto_heal_setting": [],
                "container_registry_managed_identity_client_id": "",
                "container_registry_use_managed_identity": false,
                "cors": [],
                "default_documents": [
                  "Default.htm",
                  "Default.html",
                  "Default.asp",
                  "index.htm",
                  "index.html",
                  "iisstart.htm",
                  "default.aspx",
                  "index.php",
                  "hostingstart.html"
                ],
                "detailed_error_logging_enabled": false,
                "ftps_state": "Disabled",
                "handler_mapping": [],
                "health_check_eviction_time_in_min": 0,
                "health_check_path": "",
                "http2_enabled": false,
                "ip_restriction": [],
                "ip_restriction_default_action": "Allow",
                "linux_fx_version": "",
                "load_balancing_mode": "LeastRequests",
                "local_mysql_enabled": false,
                "managed_pipeline_mode": "Integrated",
                "minimum_tls_version": "1.2",
                "remote_debugging_enabled": false,
                "remote_debugging_version": "VS2022",
                "scm_ip_restriction": [],
                "scm_ip_restriction_default_action": "Allow",
                "scm_minimum_tls_version": "1.2",
                "scm_type": "None",
                "scm_use_main_ip_restriction": false,
                "use_32_bit_worker": true,
                "virtual_application": [],
                "vnet_route_all_enabled": false,
                "websockets_enabled": false,
                "windows_fx_version": "",
                "worker_count": 1
              }
            ],
            "site_credential": [
              {
                "name": "$aviation-customers-qa",
                "password": "fLW5Anems9RfpDf70uGBqv7px8iAxhbJaK0TykyFrpqD5v7t3Al6PJc1MlPw"
              }
            ],
            "sticky_settings": [],
            "storage_account": [],
            "tags": {
              "Environment": "QA",
              "ManagedBy": "Terraform",
              "Project": "Aviation"
            },
            "timeouts": null,
            "virtual_network_subnet_id": "",
            "webdeploy_publish_basic_authentication_enabled": true,
            "zip_deploy_file": ""
          },
          "sensitive_attributes": [
            [
              {
                "type": "get_attr",
                "value": "site_credential"
              }
            ],
            [
              {
                "type": "get_attr",
                "value": "custom_domain_verification_id"
              }
            ],
            [
              {
                "type": "get_attr",
                "value": "site_config"
              },
              {
                "type": "index",
                "value": {
                  "value": 0,
                  "type": "number"
                }
              },
              {
                "type": "get_attr",
                "value": "application_stack"
              },
              {
                "type": "index",
                "value": {
                  "value": 0,
                  "type": "number"
                }
              },
              {
                "type": "get_attr",
                "value": "docker_registry_password"
              }
            ]
          ],
          "private": "eyJlMmJmYjczMC1lY2FhLTExZTYtOGY4OC0zNDM2M2JjN2M0YzAiOnsiY3JlYXRlIjoxODAwMDAwMDAwMDAwLCJkZWxldGUiOjE4MDAwMDAwMDAwMDAsInJlYWQiOjMwMDAwMDAwMDAwMCwidXBkYXRlIjoxODAwMDAwMDAwMDAwfSwic2NoZW1hX3ZlcnNpb24iOiIxIn0=",
          "dependencies": [
            "module.web_apps.azurerm_service_plan.plan",
            "module.web_apps.data.azurerm_resource_group.rg"
          ]
        },
        {
          "index_key": "identity",
          "schema_version": 1,
          "attributes": {
            "app_settings": {
              "ASPNETCORE_ENVIRONMENT": "QA",
              "KeyVaultName": "vsol-aviation-kv",
              "WEBSITE_RUN_FROM_PACKAGE": "1",
              "WEBSITE_WEBDEPLOY_USE_SCM": "true"
            },
            "auth_settings": [],
            "auth_settings_v2": [],
            "backup": [],
            "client_affinity_enabled": false,
            "client_certificate_enabled": false,
            "client_certificate_exclusion_paths": "",
            "client_certificate_mode": "Required",
            "connection_string": [],
            "custom_domain_verification_id": "8FC410D28FDE486A17B48E6563170506EEFB16142278F89D3AF6A6CDDE5080B3",
            "default_hostname": "aviation-identity-qa.azurewebsites.net",
            "enabled": true,
            "ftp_publish_basic_authentication_enabled": true,
            "hosting_environment_id": "",
            "https_only": false,
            "id": "/subscriptions/08398d64-5d63-4da9-8daf-e15b00f4d227/resourceGroups/aviation-rg/providers/Microsoft.Web/sites/aviation-identity-qa",
            "identity": [],
            "key_vault_reference_identity_id": "SystemAssigned",
            "kind": "app",
            "location": "westus",
            "logs": [],
            "name": "aviation-identity-qa",
            "outbound_ip_address_list": [
              "52.137.189.120",
              "40.112.243.54"
            ],
            "outbound_ip_addresses": "52.137.189.120,40.112.243.54",
            "possible_outbound_ip_address_list": [
              "104.45.231.244",
              "23.99.66.110",
              "137.117.16.198",
              "104.40.59.38",
              "23.100.34.88",
              "104.40.81.14",
              "52.137.189.120",
              "104.40.48.42",
              "104.40.63.71",
              "104.40.92.138",
              "104.40.53.9",
              "23.101.205.4",
              "104.40.89.194",
              "23.100.44.42",
              "104.40.77.1",
              "23.101.202.141",
              "23.99.69.83",
              "104.40.84.253",
              "104.40.82.141",
              "23.100.36.113",
              "23.101.203.68",
              "137.117.13.177",
              "104.40.57.193",
              "104.40.49.42",
              "23.100.42.180",
              "104.40.49.141",
              "104.40.49.176",
              "104.45.232.236",
              "137.117.21.10",
              "104.40.48.210",
              "104.40.48.219",
              "40.112.243.54"
            ],
            "possible_outbound_ip_addresses": "104.45.231.244,23.99.66.110,137.117.16.198,104.40.59.38,23.100.34.88,104.40.81.14,52.137.189.120,104.40.48.42,104.40.63.71,104.40.92.138,104.40.53.9,23.101.205.4,104.40.89.194,23.100.44.42,104.40.77.1,23.101.202.141,23.99.69.83,104.40.84.253,104.40.82.141,23.100.36.113,23.101.203.68,137.117.13.177,104.40.57.193,104.40.49.42,23.100.42.180,104.40.49.141,104.40.49.176,104.45.232.236,137.117.21.10,104.40.48.210,104.40.48.219,40.112.243.54",
            "public_network_access_enabled": true,
            "resource_group_name": "aviation-rg",
            "service_plan_id": "/subscriptions/08398d64-5d63-4da9-8daf-e15b00f4d227/resourceGroups/aviation-rg/providers/Microsoft.Web/serverFarms/asp-qa",
            "site_config": [
              {
                "always_on": false,
                "api_definition_url": "",
                "api_management_api_id": "",
                "app_command_line": "",
                "application_stack": [
                  {
                    "current_stack": "",
                    "docker_container_name": "",
                    "docker_container_registry": "",
                    "docker_container_tag": "",
                    "docker_image_name": "",
                    "docker_registry_password": "",
                    "docker_registry_url": "",
                    "docker_registry_username": "",
                    "dotnet_core_version": "",
                    "dotnet_version": "v8.0",
                    "java_container": "",
                    "java_container_version": "",
                    "java_embedded_server_enabled": false,
                    "java_version": "",
                    "node_version": "~18",
                    "php_version": "5.6",
                    "python": false,
                    "python_version": "",
                    "tomcat_version": ""
                  }
                ],
                "auto_heal_enabled": false,
                "auto_heal_setting": [],
                "container_registry_managed_identity_client_id": "",
                "container_registry_use_managed_identity": false,
                "cors": [],
                "default_documents": [
                  "Default.htm",
                  "Default.html",
                  "Default.asp",
                  "index.htm",
                  "index.html",
                  "iisstart.htm",
                  "default.aspx",
                  "index.php",
                  "hostingstart.html"
                ],
                "detailed_error_logging_enabled": false,
                "ftps_state": "Disabled",
                "handler_mapping": [],
                "health_check_eviction_time_in_min": 0,
                "health_check_path": "",
                "http2_enabled": false,
                "ip_restriction": [],
                "ip_restriction_default_action": "Allow",
                "linux_fx_version": "",
                "load_balancing_mode": "LeastRequests",
                "local_mysql_enabled": false,
                "managed_pipeline_mode": "Integrated",
                "minimum_tls_version": "1.2",
                "remote_debugging_enabled": false,
                "remote_debugging_version": "VS2022",
                "scm_ip_restriction": [],
                "scm_ip_restriction_default_action": "Allow",
                "scm_minimum_tls_version": "1.2",
                "scm_type": "None",
                "scm_use_main_ip_restriction": false,
                "use_32_bit_worker": true,
                "virtual_application": [],
                "vnet_route_all_enabled": false,
                "websockets_enabled": false,
                "windows_fx_version": "",
                "worker_count": 1
              }
            ],
            "site_credential": [
              {
                "name": "$aviation-identity-qa",
                "password": "ttLPWSdbkg2ruYguvcSoAFfQevqy7CT2u6ZyevxR0noNhvvWn8FBkFuqKZcY"
              }
            ],
            "sticky_settings": [],
            "storage_account": [],
            "tags": {
              "Environment": "QA",
              "ManagedBy": "Terraform",
              "Project": "Aviation"
            },
            "timeouts": null,
            "virtual_network_subnet_id": "",
            "webdeploy_publish_basic_authentication_enabled": true,
            "zip_deploy_file": ""
          },
          "sensitive_attributes": [
            [
              {
                "type": "get_attr",
                "value": "site_credential"
              }
            ],
            [
              {
                "type": "get_attr",
                "value": "custom_domain_verification_id"
              }
            ],
            [
              {
                "type": "get_attr",
                "value": "site_config"
              },
              {
                "type": "index",
                "value": {
                  "value": 0,
                  "type": "number"
                }
              },
              {
                "type": "get_attr",
                "value": "application_stack"
              },
              {
                "type": "index",
                "value": {
                  "value": 0,
                  "type": "number"
                }
              },
              {
                "type": "get_attr",
                "value": "docker_registry_password"
              }
            ]
          ],
          "private": "eyJlMmJmYjczMC1lY2FhLTExZTYtOGY4OC0zNDM2M2JjN2M0YzAiOnsiY3JlYXRlIjoxODAwMDAwMDAwMDAwLCJkZWxldGUiOjE4MDAwMDAwMDAwMDAsInJlYWQiOjMwMDAwMDAwMDAwMCwidXBkYXRlIjoxODAwMDAwMDAwMDAwfSwic2NoZW1hX3ZlcnNpb24iOiIxIn0=",
          "dependencies": [
            "module.web_apps.azurerm_service_plan.plan",
            "module.web_apps.data.azurerm_resource_group.rg"
          ]
        },
        {
          "index_key": "subscriptions",
          "schema_version": 1,
          "attributes": {
            "app_settings": {
              "ASPNETCORE_ENVIRONMENT": "QA",
              "KeyVaultName": "vsol-aviation-kv",
              "WEBSITE_RUN_FROM_PACKAGE": "1",
              "WEBSITE_WEBDEPLOY_USE_SCM": "true"
            },
            "auth_settings": [],
            "auth_settings_v2": [],
            "backup": [],
            "client_affinity_enabled": false,
            "client_certificate_enabled": false,
            "client_certificate_exclusion_paths": "",
            "client_certificate_mode": "Required",
            "connection_string": [],
            "custom_domain_verification_id": "8FC410D28FDE486A17B48E6563170506EEFB16142278F89D3AF6A6CDDE5080B3",
            "default_hostname": "aviation-subscriptions-qa.azurewebsites.net",
            "enabled": true,
            "ftp_publish_basic_authentication_enabled": true,
            "hosting_environment_id": "",
            "https_only": false,
            "id": "/subscriptions/08398d64-5d63-4da9-8daf-e15b00f4d227/resourceGroups/aviation-rg/providers/Microsoft.Web/sites/aviation-subscriptions-qa",
            "identity": [],
            "key_vault_reference_identity_id": "SystemAssigned",
            "kind": "app",
            "location": "westus",
            "logs": [],
            "name": "aviation-subscriptions-qa",
            "outbound_ip_address_list": [
              "52.137.189.120",
              "40.112.243.54"
            ],
            "outbound_ip_addresses": "52.137.189.120,40.112.243.54",
            "possible_outbound_ip_address_list": [
              "104.45.231.244",
              "23.99.66.110",
              "137.117.16.198",
              "104.40.59.38",
              "23.100.34.88",
              "104.40.81.14",
              "52.137.189.120",
              "104.40.48.42",
              "104.40.63.71",
              "104.40.92.138",
              "104.40.53.9",
              "23.101.205.4",
              "104.40.89.194",
              "23.100.44.42",
              "104.40.77.1",
              "23.101.202.141",
              "23.99.69.83",
              "104.40.84.253",
              "104.40.82.141",
              "23.100.36.113",
              "23.101.203.68",
              "137.117.13.177",
              "104.40.57.193",
              "104.40.49.42",
              "23.100.42.180",
              "104.40.49.141",
              "104.40.49.176",
              "104.45.232.236",
              "137.117.21.10",
              "104.40.48.210",
              "104.40.48.219",
              "40.112.243.54"
            ],
            "possible_outbound_ip_addresses": "104.45.231.244,23.99.66.110,137.117.16.198,104.40.59.38,23.100.34.88,104.40.81.14,52.137.189.120,104.40.48.42,104.40.63.71,104.40.92.138,104.40.53.9,23.101.205.4,104.40.89.194,23.100.44.42,104.40.77.1,23.101.202.141,23.99.69.83,104.40.84.253,104.40.82.141,23.100.36.113,23.101.203.68,137.117.13.177,104.40.57.193,104.40.49.42,23.100.42.180,104.40.49.141,104.40.49.176,104.45.232.236,137.117.21.10,104.40.48.210,104.40.48.219,40.112.243.54",
            "public_network_access_enabled": true,
            "resource_group_name": "aviation-rg",
            "service_plan_id": "/subscriptions/08398d64-5d63-4da9-8daf-e15b00f4d227/resourceGroups/aviation-rg/providers/Microsoft.Web/serverFarms/asp-qa",
            "site_config": [
              {
                "always_on": false,
                "api_definition_url": "",
                "api_management_api_id": "",
                "app_command_line": "",
                "application_stack": [
                  {
                    "current_stack": "",
                    "docker_container_name": "",
                    "docker_container_registry": "",
                    "docker_container_tag": "",
                    "docker_image_name": "",
                    "docker_registry_password": "",
                    "docker_registry_url": "",
                    "docker_registry_username": "",
                    "dotnet_core_version": "",
                    "dotnet_version": "v8.0",
                    "java_container": "",
                    "java_container_version": "",
                    "java_embedded_server_enabled": false,
                    "java_version": "",
                    "node_version": "~18",
                    "php_version": "5.6",
                    "python": false,
                    "python_version": "",
                    "tomcat_version": ""
                  }
                ],
                "auto_heal_enabled": false,
                "auto_heal_setting": [],
                "container_registry_managed_identity_client_id": "",
                "container_registry_use_managed_identity": false,
                "cors": [],
                "default_documents": [
                  "Default.htm",
                  "Default.html",
                  "Default.asp",
                  "index.htm",
                  "index.html",
                  "iisstart.htm",
                  "default.aspx",
                  "index.php",
                  "hostingstart.html"
                ],
                "detailed_error_logging_enabled": false,
                "ftps_state": "Disabled",
                "handler_mapping": [],
                "health_check_eviction_time_in_min": 0,
                "health_check_path": "",
                "http2_enabled": false,
                "ip_restriction": [],
                "ip_restriction_default_action": "Allow",
                "linux_fx_version": "",
                "load_balancing_mode": "LeastRequests",
                "local_mysql_enabled": false,
                "managed_pipeline_mode": "Integrated",
                "minimum_tls_version": "1.2",
                "remote_debugging_enabled": false,
                "remote_debugging_version": "VS2022",
                "scm_ip_restriction": [],
                "scm_ip_restriction_default_action": "Allow",
                "scm_minimum_tls_version": "1.2",
                "scm_type": "None",
                "scm_use_main_ip_restriction": false,
                "use_32_bit_worker": true,
                "virtual_application": [],
                "vnet_route_all_enabled": false,
                "websockets_enabled": false,
                "windows_fx_version": "",
                "worker_count": 1
              }
            ],
            "site_credential": [
              {
                "name": "$aviation-subscriptions-qa",
                "password": "8y1qJ7KGLqudkvWcWigb0upJSZJrqtNz1abD97gSwyFnwvN1ayiQmsSygMn5"
              }
            ],
            "sticky_settings": [],
            "storage_account": [],
            "tags": {
              "Environment": "QA",
              "ManagedBy": "Terraform",
              "Project": "Aviation"
            },
            "timeouts": null,
            "virtual_network_subnet_id": "",
            "webdeploy_publish_basic_authentication_enabled": true,
            "zip_deploy_file": ""
          },
          "sensitive_attributes": [
            [
              {
                "type": "get_attr",
                "value": "site_config"
              },
              {
                "type": "index",
                "value": {
                  "value": 0,
                  "type": "number"
                }
              },
              {
                "type": "get_attr",
                "value": "application_stack"
              },
              {
                "type": "index",
                "value": {
                  "value": 0,
                  "type": "number"
                }
              },
              {
                "type": "get_attr",
                "value": "docker_registry_password"
              }
            ],
            [
              {
                "type": "get_attr",
                "value": "site_credential"
              }
            ],
            [
              {
                "type": "get_attr",
                "value": "custom_domain_verification_id"
              }
            ]
          ],
          "private": "eyJlMmJmYjczMC1lY2FhLTExZTYtOGY4OC0zNDM2M2JjN2M0YzAiOnsiY3JlYXRlIjoxODAwMDAwMDAwMDAwLCJkZWxldGUiOjE4MDAwMDAwMDAwMDAsInJlYWQiOjMwMDAwMDAwMDAwMCwidXBkYXRlIjoxODAwMDAwMDAwMDAwfSwic2NoZW1hX3ZlcnNpb24iOiIxIn0=",
          "dependencies": [
            "module.web_apps.azurerm_service_plan.plan",
            "module.web_apps.data.azurerm_resource_group.rg"
          ]
        }
      ]
    }
  ],
  "check_results": null
}
