{
  "version": 4,
  "terraform_version": "1.11.2",
  "serial": 7,
  "lineage": "bcca0969-43e5-6af1-b47b-d078c50894f5",
  "outputs": {},
  "resources": [
    {
      "module": "module.web_apps",
      "mode": "managed",
      "type": "azurerm_linux_web_app",
      "name": "apps",
      "provider": "provider[\"registry.terraform.io/hashicorp/azurerm\"]",
      "instances": [
        {
          "index_key": "aircraft",
          "schema_version": 1,
          "attributes": {
            "app_settings": {
              "ASPNETCORE_ENVIRONMENT": "Qa",
              "KeyVaultName": "kv-aviation-qa",
              "WEBSITES_ENABLE_APP_SERVICE_STORAGE": "false",
              "WEBSITE_RUN_FROM_PACKAGE": "1"
            },
            "auth_settings": [],
            "auth_settings_v2": [],
            "backup": [],
            "client_affinity_enabled": false,
            "client_certificate_enabled": false,
            "client_certificate_exclusion_paths": "",
            "client_certificate_mode": "Required",
            "connection_string": [],
            "custom_domain_verification_id": "8FC410D28FDE486A17B48E6563170506EEFB16142278F89D3AF6A6CDDE5080B3",
            "default_hostname": "aviation-aircraft-qa.azurewebsites.net",
            "enabled": true,
            "ftp_publish_basic_authentication_enabled": true,
            "hosting_environment_id": "",
            "https_only": false,
            "id": "/subscriptions/08398d64-5d63-4da9-8daf-e15b00f4d227/resourceGroups/rg-aviation-qa/providers/Microsoft.Web/sites/aviation-aircraft-qa",
            "identity": [],
            "key_vault_reference_identity_id": "SystemAssigned",
            "kind": "app,linux",
            "location": "eastus2",
            "logs": [],
            "name": "aviation-aircraft-qa",
            "outbound_ip_address_list": [
              "72.153.125.59",
              "9.169.239.162",
              "72.153.125.64",
              "72.153.125.76",
              "72.153.125.85",
              "72.153.125.90",
              "72.153.124.8",
              "72.153.123.165",
              "72.153.124.31",
              "72.153.124.41",
              "72.153.124.42",
              "72.153.124.59",
              "20.119.144.24"
            ],
            "outbound_ip_addresses": "72.153.125.59,9.169.239.162,72.153.125.64,72.153.125.76,72.153.125.85,72.153.125.90,72.153.124.8,72.153.123.165,72.153.124.31,72.153.124.41,72.153.124.42,72.153.124.59,20.119.144.24",
            "possible_outbound_ip_address_list": [
              "72.153.125.59",
              "9.169.239.162",
              "72.153.125.64",
              "72.153.125.76",
              "72.153.125.85",
              "72.153.125.90",
              "72.153.124.8",
              "72.153.123.165",
              "72.153.124.31",
              "72.153.124.41",
              "72.153.124.42",
              "72.153.124.59",
              "72.153.124.84",
              "72.153.124.106",
              "72.153.124.108",
              "72.153.124.114",
              "72.153.124.124",
              "72.153.124.163",
              "72.153.124.170",
              "72.153.124.187",
              "72.153.123.174",
              "72.153.124.229",
              "72.153.125.29",
              "72.153.125.38",
              "72.153.125.95",
              "72.153.125.127",
              "72.153.123.73",
              "72.153.125.134",
              "72.153.125.139",
              "72.153.125.146",
              "20.119.144.24"
            ],
            "possible_outbound_ip_addresses": "72.153.125.59,9.169.239.162,72.153.125.64,72.153.125.76,72.153.125.85,72.153.125.90,72.153.124.8,72.153.123.165,72.153.124.31,72.153.124.41,72.153.124.42,72.153.124.59,72.153.124.84,72.153.124.106,72.153.124.108,72.153.124.114,72.153.124.124,72.153.124.163,72.153.124.170,72.153.124.187,72.153.123.174,72.153.124.229,72.153.125.29,72.153.125.38,72.153.125.95,72.153.125.127,72.153.123.73,72.153.125.134,72.153.125.139,72.153.125.146,20.119.144.24",
            "public_network_access_enabled": true,
            "resource_group_name": "rg-aviation-qa",
            "service_plan_id": "/subscriptions/08398d64-5d63-4da9-8daf-e15b00f4d227/resourceGroups/rg-aviation-qa/providers/Microsoft.Web/serverFarms/asp-qa",
            "site_config": [
              {
                "always_on": true,
                "api_definition_url": "",
                "api_management_api_id": "",
                "app_command_line": "",
                "application_stack": [
                  {
                    "docker_image": "",
                    "docker_image_name": "",
                    "docker_image_tag": "",
                    "docker_registry_password": "",
                    "docker_registry_url": "",
                    "docker_registry_username": "",
                    "dotnet_version": "8.0",
                    "go_version": "",
                    "java_server": "",
                    "java_server_version": "",
                    "java_version": "",
                    "node_version": "",
                    "php_version": "",
                    "python_version": "",
                    "ruby_version": ""
                  }
                ],
                "auto_heal_enabled": false,
                "auto_heal_setting": [],
                "container_registry_managed_identity_client_id": "",
                "container_registry_use_managed_identity": false,
                "cors": [],
                "default_documents": [
                  "Default.htm",
                  "Default.html",
                  "Default.asp",
                  "index.htm",
                  "index.html",
                  "iisstart.htm",
                  "default.aspx",
                  "index.php",
                  "hostingstart.html"
                ],
                "detailed_error_logging_enabled": false,
                "ftps_state": "Disabled",
                "health_check_eviction_time_in_min": 0,
                "health_check_path": "",
                "http2_enabled": false,
                "ip_restriction": [],
                "ip_restriction_default_action": "Allow",
                "linux_fx_version": "DOTNETCORE|8.0",
                "load_balancing_mode": "LeastRequests",
                "local_mysql_enabled": false,
                "managed_pipeline_mode": "Integrated",
                "minimum_tls_version": "1.2",
                "remote_debugging_enabled": false,
                "remote_debugging_version": "VS2022",
                "scm_ip_restriction": [],
                "scm_ip_restriction_default_action": "Allow",
                "scm_minimum_tls_version": "1.2",
                "scm_type": "None",
                "scm_use_main_ip_restriction": false,
                "use_32_bit_worker": true,
                "vnet_route_all_enabled": false,
                "websockets_enabled": false,
                "worker_count": 1
              }
            ],
            "site_credential": [
              {
                "name": "$aviation-aircraft-qa",
                "password": "flfuTK5K517hjMfQ59LcsNEqH1PH8DRPh7eoa4xeklpvpLAGaj1Dm74sv9bx"
              }
            ],
            "sticky_settings": [],
            "storage_account": [],
            "tags": {
              "Environment": "QA",
              "ManagedBy": "Terraform",
              "Project": "Aviation"
            },
            "timeouts": null,
            "virtual_network_subnet_id": "",
            "webdeploy_publish_basic_authentication_enabled": true,
            "zip_deploy_file": ""
          },
          "sensitive_attributes": [
            [
              {
                "type": "get_attr",
                "value": "custom_domain_verification_id"
              }
            ],
            [
              {
                "type": "get_attr",
                "value": "site_config"
              },
              {
                "type": "index",
                "value": {
                  "value": 0,
                  "type": "number"
                }
              },
              {
                "type": "get_attr",
                "value": "application_stack"
              },
              {
                "type": "index",
                "value": {
                  "value": 0,
                  "type": "number"
                }
              },
              {
                "type": "get_attr",
                "value": "docker_registry_password"
              }
            ],
            [
              {
                "type": "get_attr",
                "value": "site_credential"
              }
            ]
          ],
          "private": "eyJlMmJmYjczMC1lY2FhLTExZTYtOGY4OC0zNDM2M2JjN2M0YzAiOnsiY3JlYXRlIjoxODAwMDAwMDAwMDAwLCJkZWxldGUiOjE4MDAwMDAwMDAwMDAsInJlYWQiOjMwMDAwMDAwMDAwMCwidXBkYXRlIjoxODAwMDAwMDAwMDAwfSwic2NoZW1hX3ZlcnNpb24iOiIxIn0=",
          "dependencies": [
            "module.web_apps.azurerm_resource_group.rg",
            "module.web_apps.azurerm_service_plan.plan"
          ]
        },
        {
          "index_key": "customers",
          "schema_version": 1,
          "attributes": {
            "app_settings": {
              "ASPNETCORE_ENVIRONMENT": "Qa",
              "KeyVaultName": "kv-aviation-qa",
              "WEBSITES_ENABLE_APP_SERVICE_STORAGE": "false",
              "WEBSITE_RUN_FROM_PACKAGE": "1"
            },
            "auth_settings": [],
            "auth_settings_v2": [],
            "backup": [],
            "client_affinity_enabled": false,
            "client_certificate_enabled": false,
            "client_certificate_exclusion_paths": "",
            "client_certificate_mode": "Required",
            "connection_string": [],
            "custom_domain_verification_id": "8FC410D28FDE486A17B48E6563170506EEFB16142278F89D3AF6A6CDDE5080B3",
            "default_hostname": "aviation-customers-qa.azurewebsites.net",
            "enabled": true,
            "ftp_publish_basic_authentication_enabled": true,
            "hosting_environment_id": "",
            "https_only": false,
            "id": "/subscriptions/08398d64-5d63-4da9-8daf-e15b00f4d227/resourceGroups/rg-aviation-qa/providers/Microsoft.Web/sites/aviation-customers-qa",
            "identity": [],
            "key_vault_reference_identity_id": "SystemAssigned",
            "kind": "app,linux",
            "location": "eastus2",
            "logs": [],
            "name": "aviation-customers-qa",
            "outbound_ip_address_list": [
              "72.153.125.59",
              "9.169.239.162",
              "72.153.125.64",
              "72.153.125.76",
              "72.153.125.85",
              "72.153.125.90",
              "72.153.124.8",
              "72.153.123.165",
              "72.153.124.31",
              "72.153.124.41",
              "72.153.124.42",
              "72.153.124.59",
              "20.119.144.24"
            ],
            "outbound_ip_addresses": "72.153.125.59,9.169.239.162,72.153.125.64,72.153.125.76,72.153.125.85,72.153.125.90,72.153.124.8,72.153.123.165,72.153.124.31,72.153.124.41,72.153.124.42,72.153.124.59,20.119.144.24",
            "possible_outbound_ip_address_list": [
              "72.153.125.59",
              "9.169.239.162",
              "72.153.125.64",
              "72.153.125.76",
              "72.153.125.85",
              "72.153.125.90",
              "72.153.124.8",
              "72.153.123.165",
              "72.153.124.31",
              "72.153.124.41",
              "72.153.124.42",
              "72.153.124.59",
              "72.153.124.84",
              "72.153.124.106",
              "72.153.124.108",
              "72.153.124.114",
              "72.153.124.124",
              "72.153.124.163",
              "72.153.124.170",
              "72.153.124.187",
              "72.153.123.174",
              "72.153.124.229",
              "72.153.125.29",
              "72.153.125.38",
              "72.153.125.95",
              "72.153.125.127",
              "72.153.123.73",
              "72.153.125.134",
              "72.153.125.139",
              "72.153.125.146",
              "20.119.144.24"
            ],
            "possible_outbound_ip_addresses": "72.153.125.59,9.169.239.162,72.153.125.64,72.153.125.76,72.153.125.85,72.153.125.90,72.153.124.8,72.153.123.165,72.153.124.31,72.153.124.41,72.153.124.42,72.153.124.59,72.153.124.84,72.153.124.106,72.153.124.108,72.153.124.114,72.153.124.124,72.153.124.163,72.153.124.170,72.153.124.187,72.153.123.174,72.153.124.229,72.153.125.29,72.153.125.38,72.153.125.95,72.153.125.127,72.153.123.73,72.153.125.134,72.153.125.139,72.153.125.146,20.119.144.24",
            "public_network_access_enabled": true,
            "resource_group_name": "rg-aviation-qa",
            "service_plan_id": "/subscriptions/08398d64-5d63-4da9-8daf-e15b00f4d227/resourceGroups/rg-aviation-qa/providers/Microsoft.Web/serverFarms/asp-qa",
            "site_config": [
              {
                "always_on": true,
                "api_definition_url": "",
                "api_management_api_id": "",
                "app_command_line": "",
                "application_stack": [
                  {
                    "docker_image": "",
                    "docker_image_name": "",
                    "docker_image_tag": "",
                    "docker_registry_password": "",
                    "docker_registry_url": "",
                    "docker_registry_username": "",
                    "dotnet_version": "8.0",
                    "go_version": "",
                    "java_server": "",
                    "java_server_version": "",
                    "java_version": "",
                    "node_version": "",
                    "php_version": "",
                    "python_version": "",
                    "ruby_version": ""
                  }
                ],
                "auto_heal_enabled": false,
                "auto_heal_setting": [],
                "container_registry_managed_identity_client_id": "",
                "container_registry_use_managed_identity": false,
                "cors": [],
                "default_documents": [
                  "Default.htm",
                  "Default.html",
                  "Default.asp",
                  "index.htm",
                  "index.html",
                  "iisstart.htm",
                  "default.aspx",
                  "index.php",
                  "hostingstart.html"
                ],
                "detailed_error_logging_enabled": false,
                "ftps_state": "Disabled",
                "health_check_eviction_time_in_min": 0,
                "health_check_path": "",
                "http2_enabled": false,
                "ip_restriction": [],
                "ip_restriction_default_action": "Allow",
                "linux_fx_version": "DOTNETCORE|8.0",
                "load_balancing_mode": "LeastRequests",
                "local_mysql_enabled": false,
                "managed_pipeline_mode": "Integrated",
                "minimum_tls_version": "1.2",
                "remote_debugging_enabled": false,
                "remote_debugging_version": "VS2022",
                "scm_ip_restriction": [],
                "scm_ip_restriction_default_action": "Allow",
                "scm_minimum_tls_version": "1.2",
                "scm_type": "None",
                "scm_use_main_ip_restriction": false,
                "use_32_bit_worker": true,
                "vnet_route_all_enabled": false,
                "websockets_enabled": false,
                "worker_count": 1
              }
            ],
            "site_credential": [
              {
                "name": "$aviation-customers-qa",
                "password": "H7uv4d9l9KxmymlvSEcb36MRRz2EevpQv62jwizdZLy4JjhqZEKo3xwo6mFw"
              }
            ],
            "sticky_settings": [],
            "storage_account": [],
            "tags": {
              "Environment": "QA",
              "ManagedBy": "Terraform",
              "Project": "Aviation"
            },
            "timeouts": null,
            "virtual_network_subnet_id": "",
            "webdeploy_publish_basic_authentication_enabled": true,
            "zip_deploy_file": ""
          },
          "sensitive_attributes": [
            [
              {
                "type": "get_attr",
                "value": "custom_domain_verification_id"
              }
            ],
            [
              {
                "type": "get_attr",
                "value": "site_credential"
              }
            ],
            [
              {
                "type": "get_attr",
                "value": "site_config"
              },
              {
                "type": "index",
                "value": {
                  "value": 0,
                  "type": "number"
                }
              },
              {
                "type": "get_attr",
                "value": "application_stack"
              },
              {
                "type": "index",
                "value": {
                  "value": 0,
                  "type": "number"
                }
              },
              {
                "type": "get_attr",
                "value": "docker_registry_password"
              }
            ]
          ],
          "private": "eyJlMmJmYjczMC1lY2FhLTExZTYtOGY4OC0zNDM2M2JjN2M0YzAiOnsiY3JlYXRlIjoxODAwMDAwMDAwMDAwLCJkZWxldGUiOjE4MDAwMDAwMDAwMDAsInJlYWQiOjMwMDAwMDAwMDAwMCwidXBkYXRlIjoxODAwMDAwMDAwMDAwfSwic2NoZW1hX3ZlcnNpb24iOiIxIn0=",
          "dependencies": [
            "module.web_apps.azurerm_resource_group.rg",
            "module.web_apps.azurerm_service_plan.plan"
          ]
        },
        {
          "index_key": "identity",
          "schema_version": 1,
          "attributes": {
            "app_settings": {
              "ASPNETCORE_ENVIRONMENT": "Qa",
              "KeyVaultName": "kv-aviation-qa",
              "WEBSITES_ENABLE_APP_SERVICE_STORAGE": "false",
              "WEBSITE_RUN_FROM_PACKAGE": "1"
            },
            "auth_settings": [],
            "auth_settings_v2": [],
            "backup": [],
            "client_affinity_enabled": false,
            "client_certificate_enabled": false,
            "client_certificate_exclusion_paths": "",
            "client_certificate_mode": "Required",
            "connection_string": [],
            "custom_domain_verification_id": "8FC410D28FDE486A17B48E6563170506EEFB16142278F89D3AF6A6CDDE5080B3",
            "default_hostname": "aviation-identity-qa.azurewebsites.net",
            "enabled": true,
            "ftp_publish_basic_authentication_enabled": true,
            "hosting_environment_id": "",
            "https_only": false,
            "id": "/subscriptions/08398d64-5d63-4da9-8daf-e15b00f4d227/resourceGroups/rg-aviation-qa/providers/Microsoft.Web/sites/aviation-identity-qa",
            "identity": [],
            "key_vault_reference_identity_id": "SystemAssigned",
            "kind": "app,linux",
            "location": "eastus2",
            "logs": [],
            "name": "aviation-identity-qa",
            "outbound_ip_address_list": [
              "72.153.125.59",
              "9.169.239.162",
              "72.153.125.64",
              "72.153.125.76",
              "72.153.125.85",
              "72.153.125.90",
              "72.153.124.8",
              "72.153.123.165",
              "72.153.124.31",
              "72.153.124.41",
              "72.153.124.42",
              "72.153.124.59",
              "20.119.144.24"
            ],
            "outbound_ip_addresses": "72.153.125.59,9.169.239.162,72.153.125.64,72.153.125.76,72.153.125.85,72.153.125.90,72.153.124.8,72.153.123.165,72.153.124.31,72.153.124.41,72.153.124.42,72.153.124.59,20.119.144.24",
            "possible_outbound_ip_address_list": [
              "72.153.125.59",
              "9.169.239.162",
              "72.153.125.64",
              "72.153.125.76",
              "72.153.125.85",
              "72.153.125.90",
              "72.153.124.8",
              "72.153.123.165",
              "72.153.124.31",
              "72.153.124.41",
              "72.153.124.42",
              "72.153.124.59",
              "72.153.124.84",
              "72.153.124.106",
              "72.153.124.108",
              "72.153.124.114",
              "72.153.124.124",
              "72.153.124.163",
              "72.153.124.170",
              "72.153.124.187",
              "72.153.123.174",
              "72.153.124.229",
              "72.153.125.29",
              "72.153.125.38",
              "72.153.125.95",
              "72.153.125.127",
              "72.153.123.73",
              "72.153.125.134",
              "72.153.125.139",
              "72.153.125.146",
              "20.119.144.24"
            ],
            "possible_outbound_ip_addresses": "72.153.125.59,9.169.239.162,72.153.125.64,72.153.125.76,72.153.125.85,72.153.125.90,72.153.124.8,72.153.123.165,72.153.124.31,72.153.124.41,72.153.124.42,72.153.124.59,72.153.124.84,72.153.124.106,72.153.124.108,72.153.124.114,72.153.124.124,72.153.124.163,72.153.124.170,72.153.124.187,72.153.123.174,72.153.124.229,72.153.125.29,72.153.125.38,72.153.125.95,72.153.125.127,72.153.123.73,72.153.125.134,72.153.125.139,72.153.125.146,20.119.144.24",
            "public_network_access_enabled": true,
            "resource_group_name": "rg-aviation-qa",
            "service_plan_id": "/subscriptions/08398d64-5d63-4da9-8daf-e15b00f4d227/resourceGroups/rg-aviation-qa/providers/Microsoft.Web/serverFarms/asp-qa",
            "site_config": [
              {
                "always_on": true,
                "api_definition_url": "",
                "api_management_api_id": "",
                "app_command_line": "",
                "application_stack": [
                  {
                    "docker_image": "",
                    "docker_image_name": "",
                    "docker_image_tag": "",
                    "docker_registry_password": "",
                    "docker_registry_url": "",
                    "docker_registry_username": "",
                    "dotnet_version": "8.0",
                    "go_version": "",
                    "java_server": "",
                    "java_server_version": "",
                    "java_version": "",
                    "node_version": "",
                    "php_version": "",
                    "python_version": "",
                    "ruby_version": ""
                  }
                ],
                "auto_heal_enabled": false,
                "auto_heal_setting": [],
                "container_registry_managed_identity_client_id": "",
                "container_registry_use_managed_identity": false,
                "cors": [],
                "default_documents": [
                  "Default.htm",
                  "Default.html",
                  "Default.asp",
                  "index.htm",
                  "index.html",
                  "iisstart.htm",
                  "default.aspx",
                  "index.php",
                  "hostingstart.html"
                ],
                "detailed_error_logging_enabled": false,
                "ftps_state": "Disabled",
                "health_check_eviction_time_in_min": 0,
                "health_check_path": "",
                "http2_enabled": false,
                "ip_restriction": [],
                "ip_restriction_default_action": "Allow",
                "linux_fx_version": "DOTNETCORE|8.0",
                "load_balancing_mode": "LeastRequests",
                "local_mysql_enabled": false,
                "managed_pipeline_mode": "Integrated",
                "minimum_tls_version": "1.2",
                "remote_debugging_enabled": false,
                "remote_debugging_version": "VS2022",
                "scm_ip_restriction": [],
                "scm_ip_restriction_default_action": "Allow",
                "scm_minimum_tls_version": "1.2",
                "scm_type": "None",
                "scm_use_main_ip_restriction": false,
                "use_32_bit_worker": true,
                "vnet_route_all_enabled": false,
                "websockets_enabled": false,
                "worker_count": 1
              }
            ],
            "site_credential": [
              {
                "name": "$aviation-identity-qa",
                "password": "7o66qwgW1yjeepXfknMp8v3x8LdFhuvozhPxvj8A4bhSY3ZFM1Cvv7Y7tHtF"
              }
            ],
            "sticky_settings": [],
            "storage_account": [],
            "tags": {
              "Environment": "QA",
              "ManagedBy": "Terraform",
              "Project": "Aviation"
            },
            "timeouts": null,
            "virtual_network_subnet_id": "",
            "webdeploy_publish_basic_authentication_enabled": true,
            "zip_deploy_file": ""
          },
          "sensitive_attributes": [
            [
              {
                "type": "get_attr",
                "value": "site_credential"
              }
            ],
            [
              {
                "type": "get_attr",
                "value": "site_config"
              },
              {
                "type": "index",
                "value": {
                  "value": 0,
                  "type": "number"
                }
              },
              {
                "type": "get_attr",
                "value": "application_stack"
              },
              {
                "type": "index",
                "value": {
                  "value": 0,
                  "type": "number"
                }
              },
              {
                "type": "get_attr",
                "value": "docker_registry_password"
              }
            ],
            [
              {
                "type": "get_attr",
                "value": "custom_domain_verification_id"
              }
            ]
          ],
          "private": "eyJlMmJmYjczMC1lY2FhLTExZTYtOGY4OC0zNDM2M2JjN2M0YzAiOnsiY3JlYXRlIjoxODAwMDAwMDAwMDAwLCJkZWxldGUiOjE4MDAwMDAwMDAwMDAsInJlYWQiOjMwMDAwMDAwMDAwMCwidXBkYXRlIjoxODAwMDAwMDAwMDAwfSwic2NoZW1hX3ZlcnNpb24iOiIxIn0=",
          "dependencies": [
            "module.web_apps.azurerm_resource_group.rg",
            "module.web_apps.azurerm_service_plan.plan"
          ]
        },
        {
          "index_key": "subscriptions",
          "schema_version": 1,
          "attributes": {
            "app_settings": {
              "ASPNETCORE_ENVIRONMENT": "Qa",
              "KeyVaultName": "kv-aviation-qa",
              "WEBSITES_ENABLE_APP_SERVICE_STORAGE": "false",
              "WEBSITE_RUN_FROM_PACKAGE": "1"
            },
            "auth_settings": [],
            "auth_settings_v2": [],
            "backup": [],
            "client_affinity_enabled": false,
            "client_certificate_enabled": false,
            "client_certificate_exclusion_paths": "",
            "client_certificate_mode": "Required",
            "connection_string": [],
            "custom_domain_verification_id": "8FC410D28FDE486A17B48E6563170506EEFB16142278F89D3AF6A6CDDE5080B3",
            "default_hostname": "aviation-subscriptions-qa.azurewebsites.net",
            "enabled": true,
            "ftp_publish_basic_authentication_enabled": true,
            "hosting_environment_id": "",
            "https_only": false,
            "id": "/subscriptions/08398d64-5d63-4da9-8daf-e15b00f4d227/resourceGroups/rg-aviation-qa/providers/Microsoft.Web/sites/aviation-subscriptions-qa",
            "identity": [],
            "key_vault_reference_identity_id": "SystemAssigned",
            "kind": "app,linux",
            "location": "eastus2",
            "logs": [],
            "name": "aviation-subscriptions-qa",
            "outbound_ip_address_list": [
              "72.153.125.59",
              "9.169.239.162",
              "72.153.125.64",
              "72.153.125.76",
              "72.153.125.85",
              "72.153.125.90",
              "72.153.124.8",
              "72.153.123.165",
              "72.153.124.31",
              "72.153.124.41",
              "72.153.124.42",
              "72.153.124.59",
              "20.119.144.24"
            ],
            "outbound_ip_addresses": "72.153.125.59,9.169.239.162,72.153.125.64,72.153.125.76,72.153.125.85,72.153.125.90,72.153.124.8,72.153.123.165,72.153.124.31,72.153.124.41,72.153.124.42,72.153.124.59,20.119.144.24",
            "possible_outbound_ip_address_list": [
              "72.153.125.59",
              "9.169.239.162",
              "72.153.125.64",
              "72.153.125.76",
              "72.153.125.85",
              "72.153.125.90",
              "72.153.124.8",
              "72.153.123.165",
              "72.153.124.31",
              "72.153.124.41",
              "72.153.124.42",
              "72.153.124.59",
              "72.153.124.84",
              "72.153.124.106",
              "72.153.124.108",
              "72.153.124.114",
              "72.153.124.124",
              "72.153.124.163",
              "72.153.124.170",
              "72.153.124.187",
              "72.153.123.174",
              "72.153.124.229",
              "72.153.125.29",
              "72.153.125.38",
              "72.153.125.95",
              "72.153.125.127",
              "72.153.123.73",
              "72.153.125.134",
              "72.153.125.139",
              "72.153.125.146",
              "20.119.144.24"
            ],
            "possible_outbound_ip_addresses": "72.153.125.59,9.169.239.162,72.153.125.64,72.153.125.76,72.153.125.85,72.153.125.90,72.153.124.8,72.153.123.165,72.153.124.31,72.153.124.41,72.153.124.42,72.153.124.59,72.153.124.84,72.153.124.106,72.153.124.108,72.153.124.114,72.153.124.124,72.153.124.163,72.153.124.170,72.153.124.187,72.153.123.174,72.153.124.229,72.153.125.29,72.153.125.38,72.153.125.95,72.153.125.127,72.153.123.73,72.153.125.134,72.153.125.139,72.153.125.146,20.119.144.24",
            "public_network_access_enabled": true,
            "resource_group_name": "rg-aviation-qa",
            "service_plan_id": "/subscriptions/08398d64-5d63-4da9-8daf-e15b00f4d227/resourceGroups/rg-aviation-qa/providers/Microsoft.Web/serverFarms/asp-qa",
            "site_config": [
              {
                "always_on": true,
                "api_definition_url": "",
                "api_management_api_id": "",
                "app_command_line": "",
                "application_stack": [
                  {
                    "docker_image": "",
                    "docker_image_name": "",
                    "docker_image_tag": "",
                    "docker_registry_password": "",
                    "docker_registry_url": "",
                    "docker_registry_username": "",
                    "dotnet_version": "8.0",
                    "go_version": "",
                    "java_server": "",
                    "java_server_version": "",
                    "java_version": "",
                    "node_version": "",
                    "php_version": "",
                    "python_version": "",
                    "ruby_version": ""
                  }
                ],
                "auto_heal_enabled": false,
                "auto_heal_setting": [],
                "container_registry_managed_identity_client_id": "",
                "container_registry_use_managed_identity": false,
                "cors": [],
                "default_documents": [
                  "Default.htm",
                  "Default.html",
                  "Default.asp",
                  "index.htm",
                  "index.html",
                  "iisstart.htm",
                  "default.aspx",
                  "index.php",
                  "hostingstart.html"
                ],
                "detailed_error_logging_enabled": false,
                "ftps_state": "Disabled",
                "health_check_eviction_time_in_min": 0,
                "health_check_path": "",
                "http2_enabled": false,
                "ip_restriction": [],
                "ip_restriction_default_action": "Allow",
                "linux_fx_version": "DOTNETCORE|8.0",
                "load_balancing_mode": "LeastRequests",
                "local_mysql_enabled": false,
                "managed_pipeline_mode": "Integrated",
                "minimum_tls_version": "1.2",
                "remote_debugging_enabled": false,
                "remote_debugging_version": "VS2022",
                "scm_ip_restriction": [],
                "scm_ip_restriction_default_action": "Allow",
                "scm_minimum_tls_version": "1.2",
                "scm_type": "None",
                "scm_use_main_ip_restriction": false,
                "use_32_bit_worker": true,
                "vnet_route_all_enabled": false,
                "websockets_enabled": false,
                "worker_count": 1
              }
            ],
            "site_credential": [
              {
                "name": "$aviation-subscriptions-qa",
                "password": "TN5dcuvYuj76EbDaBNiypwYadxBN2lSplZB8GSs8aWePEr1hqsCeEvc3FchZ"
              }
            ],
            "sticky_settings": [],
            "storage_account": [],
            "tags": {
              "Environment": "QA",
              "ManagedBy": "Terraform",
              "Project": "Aviation"
            },
            "timeouts": null,
            "virtual_network_subnet_id": "",
            "webdeploy_publish_basic_authentication_enabled": true,
            "zip_deploy_file": ""
          },
          "sensitive_attributes": [
            [
              {
                "type": "get_attr",
                "value": "site_config"
              },
              {
                "type": "index",
                "value": {
                  "value": 0,
                  "type": "number"
                }
              },
              {
                "type": "get_attr",
                "value": "application_stack"
              },
              {
                "type": "index",
                "value": {
                  "value": 0,
                  "type": "number"
                }
              },
              {
                "type": "get_attr",
                "value": "docker_registry_password"
              }
            ],
            [
              {
                "type": "get_attr",
                "value": "site_credential"
              }
            ],
            [
              {
                "type": "get_attr",
                "value": "custom_domain_verification_id"
              }
            ]
          ],
          "private": "eyJlMmJmYjczMC1lY2FhLTExZTYtOGY4OC0zNDM2M2JjN2M0YzAiOnsiY3JlYXRlIjoxODAwMDAwMDAwMDAwLCJkZWxldGUiOjE4MDAwMDAwMDAwMDAsInJlYWQiOjMwMDAwMDAwMDAwMCwidXBkYXRlIjoxODAwMDAwMDAwMDAwfSwic2NoZW1hX3ZlcnNpb24iOiIxIn0=",
          "dependencies": [
            "module.web_apps.azurerm_resource_group.rg",
            "module.web_apps.azurerm_service_plan.plan"
          ]
        }
      ]
    },
    {
      "module": "module.web_apps",
      "mode": "managed",
      "type": "azurerm_resource_group",
      "name": "rg",
      "provider": "provider[\"registry.terraform.io/hashicorp/azurerm\"]",
      "instances": [
        {
          "schema_version": 0,
          "attributes": {
            "id": "/subscriptions/08398d64-5d63-4da9-8daf-e15b00f4d227/resourceGroups/rg-aviation-qa",
            "location": "eastus2",
            "managed_by": "",
            "name": "rg-aviation-qa",
            "tags": {
              "Environment": "QA",
              "ManagedBy": "Terraform",
              "Project": "Aviation"
            },
            "timeouts": null
          },
          "sensitive_attributes": [],
          "private": "eyJlMmJmYjczMC1lY2FhLTExZTYtOGY4OC0zNDM2M2JjN2M0YzAiOnsiY3JlYXRlIjo1NDAwMDAwMDAwMDAwLCJkZWxldGUiOjU0MDAwMDAwMDAwMDAsInJlYWQiOjMwMDAwMDAwMDAwMCwidXBkYXRlIjo1NDAwMDAwMDAwMDAwfX0="
        }
      ]
    },
    {
      "module": "module.web_apps",
      "mode": "managed",
      "type": "azurerm_service_plan",
      "name": "plan",
      "provider": "provider[\"registry.terraform.io/hashicorp/azurerm\"]",
      "instances": [
        {
          "schema_version": 1,
          "attributes": {
            "app_service_environment_id": "",
            "id": "/subscriptions/08398d64-5d63-4da9-8daf-e15b00f4d227/resourceGroups/rg-aviation-qa/providers/Microsoft.Web/serverFarms/asp-qa",
            "kind": "linux",
            "location": "eastus2",
            "maximum_elastic_worker_count": 1,
            "name": "asp-qa",
            "os_type": "Linux",
            "per_site_scaling_enabled": false,
            "reserved": true,
            "resource_group_name": "rg-aviation-qa",
            "sku_name": "B1",
            "tags": {
              "Environment": "QA",
              "ManagedBy": "Terraform",
              "Project": "Aviation"
            },
            "timeouts": null,
            "worker_count": 1,
            "zone_balancing_enabled": false
          },
          "sensitive_attributes": [],
          "private": "eyJlMmJmYjczMC1lY2FhLTExZTYtOGY4OC0zNDM2M2JjN2M0YzAiOnsiY3JlYXRlIjozNjAwMDAwMDAwMDAwLCJkZWxldGUiOjM2MDAwMDAwMDAwMDAsInJlYWQiOjMwMDAwMDAwMDAwMCwidXBkYXRlIjozNjAwMDAwMDAwMDAwfSwic2NoZW1hX3ZlcnNpb24iOiIxIn0=",
          "dependencies": [
            "module.web_apps.azurerm_resource_group.rg"
          ]
        }
      ]
    }
  ],
  "check_results": null
}
